Microsoft Visual Studio Solution File, Format Version 12.00
# Visual Studio Version 17
VisualStudioVersion = 17.5.2.0
MinimumVisualStudioVersion = 10.0.40219.1
Project("{FAE04EC0-301F-11D3-BF4B-00C04F79EFBC}") = "Posnet1CComponent", "Posnet1CComponent\Posnet1CComponent.csproj", "{9B81097C-9DC8-88B3-C07D-9C25263FEEDC}"
EndProject
Global
	GlobalSection(SolutionConfigurationPlatforms) = preSolution
		Debug|Any CPU = Debug|Any CPU
		Release|Any CPU = Release|Any CPU
	EndGlobalSection
	GlobalSection(ProjectConfigurationPlatforms) = postSolution
		{9B81097C-9DC8-88B3-C07D-9C25263FEEDC}.Debug|Any CPU.ActiveCfg = Debug|Any CPU
		{9B81097C-9DC8-88B3-C07D-9C25263FEEDC}.Debug|Any CPU.Build.0 = Debug|Any CPU
		{9B81097C-9DC8-88B3-C07D-9C25263FEEDC}.Release|Any CPU.ActiveCfg = Release|Any CPU
		{9B81097C-9DC8-88B3-C07D-9C25263FEEDC}.Release|Any CPU.Build.0 = Release|Any CPU
	EndGlobalSection
	GlobalSection(SolutionProperties) = preSolution
		HideSolutionNode = FALSE
	EndGlobalSection
	GlobalSection(ExtensibilityGlobals) = postSolution
		SolutionGuid = {15AA8E18-65AA-4481-A63C-83205802CB4A}
	EndGlobalSection
EndGlobal
